
Microsoft Visual Studio Solution File, Format Version 12.00
# Visual Studio Version 16
VisualStudioVersion = 16.0.30804.86
MinimumVisualStudioVersion = 10.0.40219.1
Project("{FAE04EC0-301F-11D3-BF4B-00C04F79EFBC}") = "PartyNest", "PartyNest.csproj", "{0089FAF8-1C98-4F15-9605-C75B794F76E4}"
EndProject
Global
	GlobalSection(SolutionConfigurationPlatforms) = preSolution
		Debug|Any CPU = Debug|Any CPU
		Release|Any CPU = Release|Any CPU
	EndGlobalSection
	GlobalSection(ProjectConfigurationPlatforms) = postSolution
		{0089FAF8-1C98-4F15-9605-C75B794F76E4}.Debug|Any CPU.ActiveCfg = Debug|Any CPU
		{0089FAF8-1C98-4F15-9605-C75B794F76E4}.Debug|Any CPU.Build.0 = Debug|Any CPU
		{0089FAF8-1C98-4F15-9605-C75B794F76E4}.Release|Any CPU.ActiveCfg = Release|Any CPU
		{0089FAF8-1C98-4F15-9605-C75B794F76E4}.Release|Any CPU.Build.0 = Release|Any CPU
	EndGlobalSection
	GlobalSection(SolutionProperties) = preSolution
		HideSolutionNode = FALSE
	EndGlobalSection
	GlobalSection(ExtensibilityGlobals) = postSolution
		SolutionGuid = {273464F6-FA45-411E-8249-56FEB0D3B7C0}
	EndGlobalSection
EndGlobal
